
Microsoft Visual Studio Solution File, Format Version 12.00
# Visual Studio Version 16
VisualStudioVersion = 16.0.30907.101
MinimumVisualStudioVersion = 10.0.40219.1
Project("{9A19103F-16F7-4668-BE54-9A1E7A4F7556}") = "CustomerService", "CustomerService\CustomerService.csproj", "{DE5F8DD3-A5A8-424F-B947-4734A237A8FA}"
EndProject
Project("{2150E333-8FDC-42A3-9474-1A3956D46DE8}") = "Test", "Test", "{0B8C3A24-1263-474B-ACD8-07EAD4375768}"
EndProject
Project("{FAE04EC0-301F-11D3-BF4B-00C04F79EFBC}") = "IntegrationTests", "Test\IntegrationTests\IntegrationTests.csproj", "{95B09856-FA82-40C2-A86E-7BADF8515920}"
EndProject
Project("{FAE04EC0-301F-11D3-BF4B-00C04F79EFBC}") = "UnitTests", "Test\UnitTests\UnitTests.csproj", "{C539E540-A7C3-44B4-AE5B-FDEAEBAEC7AD}"
EndProject
Project("{FAE04EC0-301F-11D3-BF4B-00C04F79EFBC}") = "FunctionalTests", "Test\FunctionalTests\FunctionalTests.csproj", "{96B75BC7-546A-4F13-B204-9787890D0311}"
EndProject
Global
	GlobalSection(SolutionConfigurationPlatforms) = preSolution
		Debug|Any CPU = Debug|Any CPU
		Release|Any CPU = Release|Any CPU
	EndGlobalSection
	GlobalSection(ProjectConfigurationPlatforms) = postSolution
		{DE5F8DD3-A5A8-424F-B947-4734A237A8FA}.Debug|Any CPU.ActiveCfg = Debug|Any CPU
		{DE5F8DD3-A5A8-424F-B947-4734A237A8FA}.Debug|Any CPU.Build.0 = Debug|Any CPU
		{DE5F8DD3-A5A8-424F-B947-4734A237A8FA}.Release|Any CPU.ActiveCfg = Release|Any CPU
		{DE5F8DD3-A5A8-424F-B947-4734A237A8FA}.Release|Any CPU.Build.0 = Release|Any CPU
		{95B09856-FA82-40C2-A86E-7BADF8515920}.Debug|Any CPU.ActiveCfg = Debug|Any CPU
		{95B09856-FA82-40C2-A86E-7BADF8515920}.Debug|Any CPU.Build.0 = Debug|Any CPU
		{95B09856-FA82-40C2-A86E-7BADF8515920}.Release|Any CPU.ActiveCfg = Release|Any CPU
		{95B09856-FA82-40C2-A86E-7BADF8515920}.Release|Any CPU.Build.0 = Release|Any CPU
		{C539E540-A7C3-44B4-AE5B-FDEAEBAEC7AD}.Debug|Any CPU.ActiveCfg = Debug|Any CPU
		{C539E540-A7C3-44B4-AE5B-FDEAEBAEC7AD}.Debug|Any CPU.Build.0 = Debug|Any CPU
		{C539E540-A7C3-44B4-AE5B-FDEAEBAEC7AD}.Release|Any CPU.ActiveCfg = Release|Any CPU
		{C539E540-A7C3-44B4-AE5B-FDEAEBAEC7AD}.Release|Any CPU.Build.0 = Release|Any CPU
		{96B75BC7-546A-4F13-B204-9787890D0311}.Debug|Any CPU.ActiveCfg = Debug|Any CPU
		{96B75BC7-546A-4F13-B204-9787890D0311}.Debug|Any CPU.Build.0 = Debug|Any CPU
		{96B75BC7-546A-4F13-B204-9787890D0311}.Release|Any CPU.ActiveCfg = Release|Any CPU
		{96B75BC7-546A-4F13-B204-9787890D0311}.Release|Any CPU.Build.0 = Release|Any CPU
	EndGlobalSection
	GlobalSection(SolutionProperties) = preSolution
		HideSolutionNode = FALSE
	EndGlobalSection
	GlobalSection(NestedProjects) = preSolution
		{95B09856-FA82-40C2-A86E-7BADF8515920} = {0B8C3A24-1263-474B-ACD8-07EAD4375768}
		{C539E540-A7C3-44B4-AE5B-FDEAEBAEC7AD} = {0B8C3A24-1263-474B-ACD8-07EAD4375768}
		{96B75BC7-546A-4F13-B204-9787890D0311} = {0B8C3A24-1263-474B-ACD8-07EAD4375768}
	EndGlobalSection
	GlobalSection(ExtensibilityGlobals) = postSolution
		SolutionGuid = {4B178BDF-A310-4BF5-8B77-56ECBBBFCED8}
	EndGlobalSection
EndGlobal
